
Microsoft Visual Studio Solution File, Format Version 12.00
# Visual Studio 15
VisualStudioVersion = 15.0.28307.489
MinimumVisualStudioVersion = 10.0.40219.1
Project("{FAE04EC0-301F-11D3-BF4B-00C04F79EFBC}") = "Ministerio.Android", "Ministerio\Ministerio.Android\Ministerio.Android.csproj", "{4904B530-EF12-4734-B803-CDAD6935437F}"
EndProject
Project("{FAE04EC0-301F-11D3-BF4B-00C04F79EFBC}") = "Ministerio.iOS", "Ministerio\Ministerio.iOS\Ministerio.iOS.csproj", "{7B19540A-C614-4A84-9933-763D39AC5A8A}"
EndProject
Project("{FAE04EC0-301F-11D3-BF4B-00C04F79EFBC}") = "Ministerio", "Ministerio\Ministerio\Ministerio.csproj", "{E17B75AE-F9EC-4C30-850F-25740DD7CE24}"
EndProject
Project("{FAE04EC0-301F-11D3-BF4B-00C04F79EFBC}") = "Ministerio.Sqlite", "Ministerio\Ministerio.Sqlite\Ministerio.Sqlite.csproj", "{E98BD963-D7C5-4AD0-A9B0-6B08B6EFE1BF}"
EndProject
Global
	GlobalSection(SolutionConfigurationPlatforms) = preSolution
		Ad-Hoc|Any CPU = Ad-Hoc|Any CPU
		Ad-Hoc|iPhone = Ad-Hoc|iPhone
		Ad-Hoc|iPhoneSimulator = Ad-Hoc|iPhoneSimulator
		AppStore|Any CPU = AppStore|Any CPU
		AppStore|iPhone = AppStore|iPhone
		AppStore|iPhoneSimulator = AppStore|iPhoneSimulator
		Debug|Any CPU = Debug|Any CPU
		Debug|iPhone = Debug|iPhone
		Debug|iPhoneSimulator = Debug|iPhoneSimulator
		Release|Any CPU = Release|Any CPU
		Release|iPhone = Release|iPhone
		Release|iPhoneSimulator = Release|iPhoneSimulator
	EndGlobalSection
	GlobalSection(ProjectConfigurationPlatforms) = postSolution
		{4904B530-EF12-4734-B803-CDAD6935437F}.Ad-Hoc|Any CPU.ActiveCfg = Release|Any CPU
		{4904B530-EF12-4734-B803-CDAD6935437F}.Ad-Hoc|Any CPU.Build.0 = Release|Any CPU
		{4904B530-EF12-4734-B803-CDAD6935437F}.Ad-Hoc|Any CPU.Deploy.0 = Release|Any CPU
		{4904B530-EF12-4734-B803-CDAD6935437F}.Ad-Hoc|iPhone.ActiveCfg = Release|Any CPU
		{4904B530-EF12-4734-B803-CDAD6935437F}.Ad-Hoc|iPhone.Build.0 = Release|Any CPU
		{4904B530-EF12-4734-B803-CDAD6935437F}.Ad-Hoc|iPhone.Deploy.0 = Release|Any CPU
		{4904B530-EF12-4734-B803-CDAD6935437F}.Ad-Hoc|iPhoneSimulator.ActiveCfg = Release|Any CPU
		{4904B530-EF12-4734-B803-CDAD6935437F}.Ad-Hoc|iPhoneSimulator.Build.0 = Release|Any CPU
		{4904B530-EF12-4734-B803-CDAD6935437F}.Ad-Hoc|iPhoneSimulator.Deploy.0 = Release|Any CPU
		{4904B530-EF12-4734-B803-CDAD6935437F}.AppStore|Any CPU.ActiveCfg = Release|Any CPU
		{4904B530-EF12-4734-B803-CDAD6935437F}.AppStore|Any CPU.Build.0 = Release|Any CPU
		{4904B530-EF12-4734-B803-CDAD6935437F}.AppStore|Any CPU.Deploy.0 = Release|Any CPU
		{4904B530-EF12-4734-B803-CDAD6935437F}.AppStore|iPhone.ActiveCfg = Release|Any CPU
		{4904B530-EF12-4734-B803-CDAD6935437F}.AppStore|iPhone.Build.0 = Release|Any CPU
		{4904B530-EF12-4734-B803-CDAD6935437F}.AppStore|iPhone.Deploy.0 = Release|Any CPU
		{4904B530-EF12-4734-B803-CDAD6935437F}.AppStore|iPhoneSimulator.ActiveCfg = Release|Any CPU
		{4904B530-EF12-4734-B803-CDAD6935437F}.AppStore|iPhoneSimulator.Build.0 = Release|Any CPU
		{4904B530-EF12-4734-B803-CDAD6935437F}.AppStore|iPhoneSimulator.Deploy.0 = Release|Any CPU
		{4904B530-EF12-4734-B803-CDAD6935437F}.Debug|Any CPU.ActiveCfg = Debug|Any CPU
		{4904B530-EF12-4734-B803-CDAD6935437F}.Debug|Any CPU.Build.0 = Debug|Any CPU
		{4904B530-EF12-4734-B803-CDAD6935437F}.Debug|Any CPU.Deploy.0 = Debug|Any CPU
		{4904B530-EF12-4734-B803-CDAD6935437F}.Debug|iPhone.ActiveCfg = Debug|Any CPU
		{4904B530-EF12-4734-B803-CDAD6935437F}.Debug|iPhone.Build.0 = Debug|Any CPU
		{4904B530-EF12-4734-B803-CDAD6935437F}.Debug|iPhone.Deploy.0 = Debug|Any CPU
		{4904B530-EF12-4734-B803-CDAD6935437F}.Debug|iPhoneSimulator.ActiveCfg = Debug|Any CPU
		{4904B530-EF12-4734-B803-CDAD6935437F}.Debug|iPhoneSimulator.Build.0 = Debug|Any CPU
		{4904B530-EF12-4734-B803-CDAD6935437F}.Debug|iPhoneSimulator.Deploy.0 = Debug|Any CPU
		{4904B530-EF12-4734-B803-CDAD6935437F}.Release|Any CPU.ActiveCfg = Release|Any CPU
		{4904B530-EF12-4734-B803-CDAD6935437F}.Release|Any CPU.Build.0 = Release|Any CPU
		{4904B530-EF12-4734-B803-CDAD6935437F}.Release|Any CPU.Deploy.0 = Release|Any CPU
		{4904B530-EF12-4734-B803-CDAD6935437F}.Release|iPhone.ActiveCfg = Release|Any CPU
		{4904B530-EF12-4734-B803-CDAD6935437F}.Release|iPhone.Build.0 = Release|Any CPU
		{4904B530-EF12-4734-B803-CDAD6935437F}.Release|iPhone.Deploy.0 = Release|Any CPU
		{4904B530-EF12-4734-B803-CDAD6935437F}.Release|iPhoneSimulator.ActiveCfg = Release|Any CPU
		{4904B530-EF12-4734-B803-CDAD6935437F}.Release|iPhoneSimulator.Build.0 = Release|Any CPU
		{4904B530-EF12-4734-B803-CDAD6935437F}.Release|iPhoneSimulator.Deploy.0 = Release|Any CPU
		{7B19540A-C614-4A84-9933-763D39AC5A8A}.Ad-Hoc|Any CPU.ActiveCfg = Ad-Hoc|iPhone
		{7B19540A-C614-4A84-9933-763D39AC5A8A}.Ad-Hoc|Any CPU.Build.0 = Ad-Hoc|iPhone
		{7B19540A-C614-4A84-9933-763D39AC5A8A}.Ad-Hoc|Any CPU.Deploy.0 = Ad-Hoc|iPhone
		{7B19540A-C614-4A84-9933-763D39AC5A8A}.Ad-Hoc|iPhone.ActiveCfg = Ad-Hoc|iPhone
		{7B19540A-C614-4A84-9933-763D39AC5A8A}.Ad-Hoc|iPhone.Build.0 = Ad-Hoc|iPhone
		{7B19540A-C614-4A84-9933-763D39AC5A8A}.Ad-Hoc|iPhone.Deploy.0 = Ad-Hoc|iPhone
		{7B19540A-C614-4A84-9933-763D39AC5A8A}.Ad-Hoc|iPhoneSimulator.ActiveCfg = Ad-Hoc|iPhoneSimulator
		{7B19540A-C614-4A84-9933-763D39AC5A8A}.Ad-Hoc|iPhoneSimulator.Build.0 = Ad-Hoc|iPhoneSimulator
		{7B19540A-C614-4A84-9933-763D39AC5A8A}.Ad-Hoc|iPhoneSimulator.Deploy.0 = Ad-Hoc|iPhoneSimulator
		{7B19540A-C614-4A84-9933-763D39AC5A8A}.AppStore|Any CPU.ActiveCfg = AppStore|iPhone
		{7B19540A-C614-4A84-9933-763D39AC5A8A}.AppStore|Any CPU.Build.0 = AppStore|iPhone
		{7B19540A-C614-4A84-9933-763D39AC5A8A}.AppStore|Any CPU.Deploy.0 = AppStore|iPhone
		{7B19540A-C614-4A84-9933-763D39AC5A8A}.AppStore|iPhone.ActiveCfg = AppStore|iPhone
		{7B19540A-C614-4A84-9933-763D39AC5A8A}.AppStore|iPhone.Build.0 = AppStore|iPhone
		{7B19540A-C614-4A84-9933-763D39AC5A8A}.AppStore|iPhone.Deploy.0 = AppStore|iPhone
		{7B19540A-C614-4A84-9933-763D39AC5A8A}.AppStore|iPhoneSimulator.ActiveCfg = AppStore|iPhoneSimulator
		{7B19540A-C614-4A84-9933-763D39AC5A8A}.AppStore|iPhoneSimulator.Build.0 = AppStore|iPhoneSimulator
		{7B19540A-C614-4A84-9933-763D39AC5A8A}.AppStore|iPhoneSimulator.Deploy.0 = AppStore|iPhoneSimulator
		{7B19540A-C614-4A84-9933-763D39AC5A8A}.Debug|Any CPU.ActiveCfg = Debug|iPhoneSimulator
		{7B19540A-C614-4A84-9933-763D39AC5A8A}.Debug|Any CPU.Build.0 = Debug|iPhoneSimulator
		{7B19540A-C614-4A84-9933-763D39AC5A8A}.Debug|Any CPU.Deploy.0 = Debug|iPhoneSimulator
		{7B19540A-C614-4A84-9933-763D39AC5A8A}.Debug|iPhone.ActiveCfg = Debug|iPhone
		{7B19540A-C614-4A84-9933-763D39AC5A8A}.Debug|iPhone.Build.0 = Debug|iPhone
		{7B19540A-C614-4A84-9933-763D39AC5A8A}.Debug|iPhone.Deploy.0 = Debug|iPhone
		{7B19540A-C614-4A84-9933-763D39AC5A8A}.Debug|iPhoneSimulator.ActiveCfg = Debug|iPhoneSimulator
		{7B19540A-C614-4A84-9933-763D39AC5A8A}.Debug|iPhoneSimulator.Build.0 = Debug|iPhoneSimulator
		{7B19540A-C614-4A84-9933-763D39AC5A8A}.Debug|iPhoneSimulator.Deploy.0 = Debug|iPhoneSimulator
		{7B19540A-C614-4A84-9933-763D39AC5A8A}.Release|Any CPU.ActiveCfg = Release|iPhone
		{7B19540A-C614-4A84-9933-763D39AC5A8A}.Release|Any CPU.Build.0 = Release|iPhone
		{7B19540A-C614-4A84-9933-763D39AC5A8A}.Release|Any CPU.Deploy.0 = Release|iPhone
		{7B19540A-C614-4A84-9933-763D39AC5A8A}.Release|iPhone.ActiveCfg = Release|iPhone
		{7B19540A-C614-4A84-9933-763D39AC5A8A}.Release|iPhone.Build.0 = Release|iPhone
		{7B19540A-C614-4A84-9933-763D39AC5A8A}.Release|iPhone.Deploy.0 = Release|iPhone
		{7B19540A-C614-4A84-9933-763D39AC5A8A}.Release|iPhoneSimulator.ActiveCfg = Release|iPhoneSimulator
		{7B19540A-C614-4A84-9933-763D39AC5A8A}.Release|iPhoneSimulator.Build.0 = Release|iPhoneSimulator
		{7B19540A-C614-4A84-9933-763D39AC5A8A}.Release|iPhoneSimulator.Deploy.0 = Release|iPhoneSimulator
		{E17B75AE-F9EC-4C30-850F-25740DD7CE24}.Ad-Hoc|Any CPU.ActiveCfg = Release|Any CPU
		{E17B75AE-F9EC-4C30-850F-25740DD7CE24}.Ad-Hoc|Any CPU.Build.0 = Release|Any CPU
		{E17B75AE-F9EC-4C30-850F-25740DD7CE24}.Ad-Hoc|iPhone.ActiveCfg = Release|Any CPU
		{E17B75AE-F9EC-4C30-850F-25740DD7CE24}.Ad-Hoc|iPhone.Build.0 = Release|Any CPU
		{E17B75AE-F9EC-4C30-850F-25740DD7CE24}.Ad-Hoc|iPhoneSimulator.ActiveCfg = Release|Any CPU
		{E17B75AE-F9EC-4C30-850F-25740DD7CE24}.Ad-Hoc|iPhoneSimulator.Build.0 = Release|Any CPU
		{E17B75AE-F9EC-4C30-850F-25740DD7CE24}.AppStore|Any CPU.ActiveCfg = Release|Any CPU
		{E17B75AE-F9EC-4C30-850F-25740DD7CE24}.AppStore|Any CPU.Build.0 = Release|Any CPU
		{E17B75AE-F9EC-4C30-850F-25740DD7CE24}.AppStore|iPhone.ActiveCfg = Release|Any CPU
		{E17B75AE-F9EC-4C30-850F-25740DD7CE24}.AppStore|iPhone.Build.0 = Release|Any CPU
		{E17B75AE-F9EC-4C30-850F-25740DD7CE24}.AppStore|iPhoneSimulator.ActiveCfg = Release|Any CPU
		{E17B75AE-F9EC-4C30-850F-25740DD7CE24}.AppStore|iPhoneSimulator.Build.0 = Release|Any CPU
		{E17B75AE-F9EC-4C30-850F-25740DD7CE24}.Debug|Any CPU.ActiveCfg = Debug|Any CPU
		{E17B75AE-F9EC-4C30-850F-25740DD7CE24}.Debug|Any CPU.Build.0 = Debug|Any CPU
		{E17B75AE-F9EC-4C30-850F-25740DD7CE24}.Debug|iPhone.ActiveCfg = Debug|Any CPU
		{E17B75AE-F9EC-4C30-850F-25740DD7CE24}.Debug|iPhone.Build.0 = Debug|Any CPU
		{E17B75AE-F9EC-4C30-850F-25740DD7CE24}.Debug|iPhoneSimulator.ActiveCfg = Debug|Any CPU
		{E17B75AE-F9EC-4C30-850F-25740DD7CE24}.Debug|iPhoneSimulator.Build.0 = Debug|Any CPU
		{E17B75AE-F9EC-4C30-850F-25740DD7CE24}.Release|Any CPU.ActiveCfg = Release|Any CPU
		{E17B75AE-F9EC-4C30-850F-25740DD7CE24}.Release|Any CPU.Build.0 = Release|Any CPU
		{E17B75AE-F9EC-4C30-850F-25740DD7CE24}.Release|iPhone.ActiveCfg = Release|Any CPU
		{E17B75AE-F9EC-4C30-850F-25740DD7CE24}.Release|iPhone.Build.0 = Release|Any CPU
		{E17B75AE-F9EC-4C30-850F-25740DD7CE24}.Release|iPhoneSimulator.ActiveCfg = Release|Any CPU
		{E17B75AE-F9EC-4C30-850F-25740DD7CE24}.Release|iPhoneSimulator.Build.0 = Release|Any CPU
		{E98BD963-D7C5-4AD0-A9B0-6B08B6EFE1BF}.Ad-Hoc|Any CPU.ActiveCfg = Release|Any CPU
		{E98BD963-D7C5-4AD0-A9B0-6B08B6EFE1BF}.Ad-Hoc|Any CPU.Build.0 = Release|Any CPU
		{E98BD963-D7C5-4AD0-A9B0-6B08B6EFE1BF}.Ad-Hoc|iPhone.ActiveCfg = Release|Any CPU
		{E98BD963-D7C5-4AD0-A9B0-6B08B6EFE1BF}.Ad-Hoc|iPhone.Build.0 = Release|Any CPU
		{E98BD963-D7C5-4AD0-A9B0-6B08B6EFE1BF}.Ad-Hoc|iPhoneSimulator.ActiveCfg = Release|Any CPU
		{E98BD963-D7C5-4AD0-A9B0-6B08B6EFE1BF}.Ad-Hoc|iPhoneSimulator.Build.0 = Release|Any CPU
		{E98BD963-D7C5-4AD0-A9B0-6B08B6EFE1BF}.AppStore|Any CPU.ActiveCfg = Release|Any CPU
		{E98BD963-D7C5-4AD0-A9B0-6B08B6EFE1BF}.AppStore|Any CPU.Build.0 = Release|Any CPU
		{E98BD963-D7C5-4AD0-A9B0-6B08B6EFE1BF}.AppStore|iPhone.ActiveCfg = Release|Any CPU
		{E98BD963-D7C5-4AD0-A9B0-6B08B6EFE1BF}.AppStore|iPhone.Build.0 = Release|Any CPU
		{E98BD963-D7C5-4AD0-A9B0-6B08B6EFE1BF}.AppStore|iPhoneSimulator.ActiveCfg = Release|Any CPU
		{E98BD963-D7C5-4AD0-A9B0-6B08B6EFE1BF}.AppStore|iPhoneSimulator.Build.0 = Release|Any CPU
		{E98BD963-D7C5-4AD0-A9B0-6B08B6EFE1BF}.Debug|Any CPU.ActiveCfg = Debug|Any CPU
		{E98BD963-D7C5-4AD0-A9B0-6B08B6EFE1BF}.Debug|Any CPU.Build.0 = Debug|Any CPU
		{E98BD963-D7C5-4AD0-A9B0-6B08B6EFE1BF}.Debug|iPhone.ActiveCfg = Debug|Any CPU
		{E98BD963-D7C5-4AD0-A9B0-6B08B6EFE1BF}.Debug|iPhone.Build.0 = Debug|Any CPU
		{E98BD963-D7C5-4AD0-A9B0-6B08B6EFE1BF}.Debug|iPhoneSimulator.ActiveCfg = Debug|Any CPU
		{E98BD963-D7C5-4AD0-A9B0-6B08B6EFE1BF}.Debug|iPhoneSimulator.Build.0 = Debug|Any CPU
		{E98BD963-D7C5-4AD0-A9B0-6B08B6EFE1BF}.Release|Any CPU.ActiveCfg = Release|Any CPU
		{E98BD963-D7C5-4AD0-A9B0-6B08B6EFE1BF}.Release|Any CPU.Build.0 = Release|Any CPU
		{E98BD963-D7C5-4AD0-A9B0-6B08B6EFE1BF}.Release|iPhone.ActiveCfg = Release|Any CPU
		{E98BD963-D7C5-4AD0-A9B0-6B08B6EFE1BF}.Release|iPhone.Build.0 = Release|Any CPU
		{E98BD963-D7C5-4AD0-A9B0-6B08B6EFE1BF}.Release|iPhoneSimulator.ActiveCfg = Release|Any CPU
		{E98BD963-D7C5-4AD0-A9B0-6B08B6EFE1BF}.Release|iPhoneSimulator.Build.0 = Release|Any CPU
	EndGlobalSection
	GlobalSection(SolutionProperties) = preSolution
		HideSolutionNode = FALSE
	EndGlobalSection
	GlobalSection(ExtensibilityGlobals) = postSolution
		SolutionGuid = {00ECAFE6-2673-449F-87B8-C39809C8F7F4}
	EndGlobalSection
EndGlobal
